// !$*UTF8*$!
{
	archiveVersion = 1;
	classes = {
	};
	objectVersion = 77;
	objects = {

/* Begin PBXBuildFile section */
		A20000000000000000000001 /* HermesVoiceActivityAttributes.swift in Sources */ = {isa = PBXBuildFile; fileRef = A10000000000000000000001 /* HermesVoiceActivityAttributes.swift */; };
		A20000000000000000000002 /* HermesVoiceActivityIntents.swift in Sources */ = {isa = PBXBuildFile; fileRef = A10000000000000000000002 /* HermesVoiceActivityIntents.swift */; };
		A20000000000000000000003 /* VoiceLiveActivityCoordinator.swift in Sources */ = {isa = PBXBuildFile; fileRef = A10000000000000000000003 /* VoiceLiveActivityCoordinator.swift */; };
		A20000000000000000000004 /* HermesVoiceActivityAttributes.swift in Sources */ = {isa = PBXBuildFile; fileRef = A10000000000000000000001 /* HermesVoiceActivityAttributes.swift */; };
		A20000000000000000000005 /* HermesVoiceActivityIntents.swift in Sources */ = {isa = PBXBuildFile; fileRef = A10000000000000000000002 /* HermesVoiceActivityIntents.swift */; };
		A20000000000000000000006 /* HermesVoiceLiveActivityWidget.swift in Sources */ = {isa = PBXBuildFile; fileRef = A10000000000000000000004 /* HermesVoiceLiveActivityWidget.swift */; };
		01892F1A0E72775EC3C06A62 /* AttachmentData.swift in Sources */ = {isa = PBXBuildFile; fileRef = 47B41AB784B26388253CB25A /* AttachmentData.swift */; };
		03CBDC20873F48BEB4EBFE38 /* GlassComponents.swift in Sources */ = {isa = PBXBuildFile; fileRef = 4712C7DBDC790F10EB108C21 /* GlassComponents.swift */; };
		06BDC2D2907A6188CDF10CDE /* VoiceSettingsView.swift in Sources */ = {isa = PBXBuildFile; fileRef = 111BD0D7A61F24FDA7ED165C /* VoiceSettingsView.swift */; };
		090713634A1A6AA642140833 /* HermesAPIClient.swift in Sources */ = {isa = PBXBuildFile; fileRef = 497EB3A78A1FA95B37C99AB4 /* HermesAPIClient.swift */; };
		0A03DE64CC9B002638D2B4F9 /* WorkspaceModels.swift in Sources */ = {isa = PBXBuildFile; fileRef = 005F8CE7582CC42517DDCD84 /* WorkspaceModels.swift */; };
		10911B41E77AAA186CE556FB /* SSEParser.swift in Sources */ = {isa = PBXBuildFile; fileRef = CD33D3C1350710754747AD26 /* SSEParser.swift */; };
		149052C798A239F946342A23 /* ReleaseNotesTests.swift in Sources */ = {isa = PBXBuildFile; fileRef = 8E4BD710D96BD578CE564DE8 /* ReleaseNotesTests.swift */; };
		159D645ED21E0A0B268E972B /* AppearanceSettings.swift in Sources */ = {isa = PBXBuildFile; fileRef = 73744DD7755B96A455966F0B /* AppearanceSettings.swift */; };
		1618F80A2436071857B0BFA0 /* ProjectStore.swift in Sources */ = {isa = PBXBuildFile; fileRef = 0BA6D2DC303D9ABB53D3A9D4 /* ProjectStore.swift */; };
		1CEEEA7AA202CFB1EACF6FBA /* HermesThemes.swift in Sources */ = {isa = PBXBuildFile; fileRef = 66A7E7C23745B5ED58953167 /* HermesThemes.swift */; };
		1E7817CB4161ADFFE75D5B79 /* AppStore.swift in Sources */ = {isa = PBXBuildFile; fileRef = 4A4E7B2B3C67580BB0A71C4C /* AppStore.swift */; };
		2448C7D9A618A8A8D68026C9 /* MarkdownBlocksTests.swift in Sources */ = {isa = PBXBuildFile; fileRef = 413E29ABC281FB559F469790 /* MarkdownBlocksTests.swift */; };
		25500519AB7EBEF810F3E7CC /* GlassAnimations.swift in Sources */ = {isa = PBXBuildFile; fileRef = C65133D88E05ED712E002D1E /* GlassAnimations.swift */; };
		2655F29BEC20C6EC7EC77AF3 /* ChatHistoryVisibilityTests.swift in Sources */ = {isa = PBXBuildFile; fileRef = 57CA5A3F43C7D8E2E2915185 /* ChatHistoryVisibilityTests.swift */; };
		270BFBAA224691C50C9604AD /* VideoView.swift in Sources */ = {isa = PBXBuildFile; fileRef = 113247E52B9898BC71C7EBAD /* VideoView.swift */; };
		283ED6DCED1BE70001A9EB2C /* BotChatAccessTests.swift in Sources */ = {isa = PBXBuildFile; fileRef = BE76A6B4AB8E923D7B1114AF /* BotChatAccessTests.swift */; };
		2C03088CFC9E56596F6492CE /* ProviderSelectionView.swift in Sources */ = {isa = PBXBuildFile; fileRef = A2CEC2277897993F2B474AB0 /* ProviderSelectionView.swift */; };
		38A7732AB4640EDD3102B363 /* ComposerCommandLogic.swift in Sources */ = {isa = PBXBuildFile; fileRef = 35151811693B501BC71EA9C5 /* ComposerCommandLogic.swift */; };
		3A321980B7C573E252E73B94 /* KeychainManager.swift in Sources */ = {isa = PBXBuildFile; fileRef = 5E8118B694B0A64F91BE0369 /* KeychainManager.swift */; };
		3C5B316A8C97FB0309855517 /* ChatView.swift in Sources */ = {isa = PBXBuildFile; fileRef = 607284F3E16CE64024116B5A /* ChatView.swift */; };
		3DA05CB84EEF6A3DA27B7C53 /* SkillCommandLogic.swift in Sources */ = {isa = PBXBuildFile; fileRef = 260F94CE910541B9E482A59B /* SkillCommandLogic.swift */; };
		4173455E2289D24EB1D3E6E4 /* MarkdownBlocks.swift in Sources */ = {isa = PBXBuildFile; fileRef = FCEB9A18EB40AB50CD991B62 /* MarkdownBlocks.swift */; };
		417C7F39149C64A1BF846BBE /* ActiveSessionPersistence.swift in Sources */ = {isa = PBXBuildFile; fileRef = 661C9BE93899D1B3DF848273 /* ActiveSessionPersistence.swift */; };
		41B03565E7F4BF1F5FC3D612 /* LiveGatewayTests.swift in Sources */ = {isa = PBXBuildFile; fileRef = 6D2171E6397695C9022968BD /* LiveGatewayTests.swift */; };
		43224DECC59BF70AD0C52574 /* SharedDefaults.swift in Sources */ = {isa = PBXBuildFile; fileRef = 3A2B9FEF6B128A23C90B7CA5 /* SharedDefaults.swift */; };
		43DD09E6024E5D9B9C5968DF /* StreamWatchdogTests.swift in Sources */ = {isa = PBXBuildFile; fileRef = AD348F4EBB40BD3B6F3F2C74 /* StreamWatchdogTests.swift */; };
		447392FE56BF7B3443B7CBAF /* ComposerSubmissionLogicTests.swift in Sources */ = {isa = PBXBuildFile; fileRef = C6CC0110AB94C4C9331E73C4 /* ComposerSubmissionLogicTests.swift */; };
		4625A1EE6CE58A5BE13FEB9F /* BotChatAccess.swift in Sources */ = {isa = PBXBuildFile; fileRef = 88707823C30AF5A9C7E7225A /* BotChatAccess.swift */; };
		46B86EDE872B162DFABA640A /* SettingsView.swift in Sources */ = {isa = PBXBuildFile; fileRef = 90DC1456F9DDA1F6E6A9BC05 /* SettingsView.swift */; };
		4EA837F54B14C86854F3FAB7 /* DurableRunController.swift in Sources */ = {isa = PBXBuildFile; fileRef = C4A2D5C8C62F355FD49BF171 /* DurableRunController.swift */; };
		4F5C3B8B82D3CF74CFCF1D47 /* StreamWatchdogManager.swift in Sources */ = {isa = PBXBuildFile; fileRef = B0462220C6A7891E8E42F07B /* StreamWatchdogManager.swift */; };
		538D0CA3818BBDB92BB6A232 /* ModelSelectionView.swift in Sources */ = {isa = PBXBuildFile; fileRef = 7BA0CF13FA8236518ACD411E /* ModelSelectionView.swift */; };
		5A1B76115F8835F7DB19A51E /* WakePhraseListener.swift in Sources */ = {isa = PBXBuildFile; fileRef = 1B7FD753E4E2095A6295A052 /* WakePhraseListener.swift */; };
		5ABD02FC530F7782E8AA5012 /* WorkspaceBrowserView.swift in Sources */ = {isa = PBXBuildFile; fileRef = 3519C458459B5A7097B43D19 /* WorkspaceBrowserView.swift */; };
		5DC81AF16C507C454840EB47 /* VoiceTranscriber.swift in Sources */ = {isa = PBXBuildFile; fileRef = 323B4CE9CDC63D3E124F051B /* VoiceTranscriber.swift */; };
		61377F4AC5E3A85BA6402496 /* Assets.xcassets in Resources */ = {isa = PBXBuildFile; fileRef = A7511EED5D149EE15F396D2F /* Assets.xcassets */; };
		65563F266A0294EAAF0008E5 /* GlassTheme.swift in Sources */ = {isa = PBXBuildFile; fileRef = 53907E499DA24C590A36DA7A /* GlassTheme.swift */; };
		67280C486BF59EDE78845066 /* VoiceConversationManager.swift in Sources */ = {isa = PBXBuildFile; fileRef = 6346FF829FB3BF801B8602B2 /* VoiceConversationManager.swift */; };
		6880344859436CE0F8CC146A /* VoiceConversationPage.swift in Sources */ = {isa = PBXBuildFile; fileRef = 86EA7AA684EE78863AEC2F0A /* VoiceConversationPage.swift */; };
		693E5B3C1B652B2DF6375008 /* WorkspaceContractTests.swift in Sources */ = {isa = PBXBuildFile; fileRef = CD7AD3E21499E1E3513A5C91 /* WorkspaceContractTests.swift */; };
		6C8D9A43ECE7F733424865C8 /* VoiceActivationControl.swift in Sources */ = {isa = PBXBuildFile; fileRef = CB9EAA579429A6A3919F30F5 /* VoiceActivationControl.swift */; };
		729747F4166DD4BD7E0AA89F /* CarPlayVoiceController.swift in Sources */ = {isa = PBXBuildFile; fileRef = B063172039210054C110721D /* CarPlayVoiceController.swift */; };
		72AF988EA78894068E1D19E3 /* HermesControlWidget.appex in Embed Foundation Extensions */ = {isa = PBXBuildFile; fileRef = 416FCF6114F2020D743351BA /* HermesControlWidget.appex */; settings = {ATTRIBUTES = (RemoveHeadersOnCopy, ); }; };
		75FC779EC102CC902983D646 /* GlassInputBar.swift in Sources */ = {isa = PBXBuildFile; fileRef = EDDAD1C9B988CFE76287C44B /* GlassInputBar.swift */; };
		7ECDCA84AFB356E702178F2A /* ConnectionSetupView.swift in Sources */ = {isa = PBXBuildFile; fileRef = 347A8180AE6F941EDF51CFEE /* ConnectionSetupView.swift */; };
		80E40DCA3AE420F927877943 /* SkillCommandLogicTests.swift in Sources */ = {isa = PBXBuildFile; fileRef = 03573073F9544007F1F2B422 /* SkillCommandLogicTests.swift */; };
		8169CA68B0F068C4C454AA05 /* HermesCompanionApp.swift in Sources */ = {isa = PBXBuildFile; fileRef = 12C57FABBFF2052F11309F06 /* HermesCompanionApp.swift */; };
		848AF4A8EBE61688B4E15948 /* AppConfig.swift in Sources */ = {isa = PBXBuildFile; fileRef = 93E26F58E842815866FD9986 /* AppConfig.swift */; };
		8734D5CC0DEE94B2BFB017F5 /* MarkdownContentView.swift in Sources */ = {isa = PBXBuildFile; fileRef = 2D4B8756C4CB0CA6555D6816 /* MarkdownContentView.swift */; };
		89E8F5A36D736DD0F798C9C6 /* DurableRunView.swift in Sources */ = {isa = PBXBuildFile; fileRef = D6904F06040EDC91D927225A /* DurableRunView.swift */; };
		8B73E912F27AEA3506F3B397 /* PlatformHubView.swift in Sources */ = {isa = PBXBuildFile; fileRef = B50D921CF26AFC9D4546FDF2 /* PlatformHubView.swift */; };
		8D8B6F1C677ED71BCAF05D0D /* VoiceActivationLogic.swift in Sources */ = {isa = PBXBuildFile; fileRef = 0CE61BF3E1316730281A5A38 /* VoiceActivationLogic.swift */; };
		9033393557A808892DD39711 /* CameraPickerView.swift in Sources */ = {isa = PBXBuildFile; fileRef = A2DD74C29509EC118F92BEA5 /* CameraPickerView.swift */; };
		9326CB4014893810CB4C04B4 /* Models.swift in Sources */ = {isa = PBXBuildFile; fileRef = 13839144B0503760269527F6 /* Models.swift */; };
		94E71C645906B47600BA858B /* InputModelPicker.swift in Sources */ = {isa = PBXBuildFile; fileRef = 5CACEE629F1AD027D714EFB4 /* InputModelPicker.swift */; };
		A165F3FB03821E3B9E0EB15B /* SkillsListView.swift in Sources */ = {isa = PBXBuildFile; fileRef = 78F84C3E68E0066661BF529D /* SkillsListView.swift */; };
		A7C964BA91BD19B6BE8FA0B9 /* FilePickerView.swift in Sources */ = {isa = PBXBuildFile; fileRef = BE611F1C01056A05C20BC7AA /* FilePickerView.swift */; };
		A8FBD11A8D629EB4A29E5F40 /* ActiveSessionPersistenceTests.swift in Sources */ = {isa = PBXBuildFile; fileRef = 3BCDB840B57CFBFE15AFEAD3 /* ActiveSessionPersistenceTests.swift */; };
		AA0469C11390A59867DA014C /* HermesControlWidgetBundle.swift in Sources */ = {isa = PBXBuildFile; fileRef = CE746186A15D314B390ECCF0 /* HermesControlWidgetBundle.swift */; };
		B18883A7CAE315EF2E85159F /* ServerTaskEditorView.swift in Sources */ = {isa = PBXBuildFile; fileRef = 2DD234508E0F3E649C530865 /* ServerTaskEditorView.swift */; };
		BE05839130FC3CA7E1665096 /* BotChatAccessView.swift in Sources */ = {isa = PBXBuildFile; fileRef = 329602A7FE18628983F89A02 /* BotChatAccessView.swift */; };
		C07934E2261BC5CEE042DB0A /* ChatStreamFidelityTests.swift in Sources */ = {isa = PBXBuildFile; fileRef = 75113D68B4A6D2C159F8524F /* ChatStreamFidelityTests.swift */; };
		C24193D80B7FDF094EAB4267 /* HTTPFailure.swift in Sources */ = {isa = PBXBuildFile; fileRef = DB5CEDE2B2588D770C00A295 /* HTTPFailure.swift */; };
		C3B9E7CA5A98A25BE25299F3 /* HermesModelContractTests.swift in Sources */ = {isa = PBXBuildFile; fileRef = B0DDD0EF00AE53B1CB6CE883 /* HermesModelContractTests.swift */; };
		C976F5D603BB2A2E0CBC38D6 /* ReleaseNotes.swift in Sources */ = {isa = PBXBuildFile; fileRef = 0A2C3FB2D1F3715F2B90F9EA /* ReleaseNotes.swift */; };
		C9E6DF2E29D3574DCE11BA12 /* SSEParserTests.swift in Sources */ = {isa = PBXBuildFile; fileRef = 8C6691846D26D7D30190EF43 /* SSEParserTests.swift */; };
		CB8F46D3AEFF5EB3E585BAE5 /* ToolsetsListView.swift in Sources */ = {isa = PBXBuildFile; fileRef = 1B87A150E7A7EE2D29064C1E /* ToolsetsListView.swift */; };
		CFE8A23CD2204761B0C7F288 /* VoiceActivationLogicTests.swift in Sources */ = {isa = PBXBuildFile; fileRef = 15CE235401C5CF4AA8838394 /* VoiceActivationLogicTests.swift */; };
		D3508E86FEF84CE0FB3A2362 /* ProjectStoreTests.swift in Sources */ = {isa = PBXBuildFile; fileRef = 6FE25F978F1F71764F7FF83D /* ProjectStoreTests.swift */; };
		D4C7C91D5436FF35E59DE880 /* CarPlaySceneDelegate.swift in Sources */ = {isa = PBXBuildFile; fileRef = 406D0DC3A11F86B29F05F06A /* CarPlaySceneDelegate.swift */; };
		D8078F1FABE1C01197704D93 /* SharedDefaults.swift in Sources */ = {isa = PBXBuildFile; fileRef = 3A2B9FEF6B128A23C90B7CA5 /* SharedDefaults.swift */; };
		DB323163C32B785B07C54135 /* ProjectManagementView.swift in Sources */ = {isa = PBXBuildFile; fileRef = 315BEF73A5C83B2DD387086D /* ProjectManagementView.swift */; };
		DF0FB0C835B0C2295CADEA9F /* TerminalThemes.swift in Sources */ = {isa = PBXBuildFile; fileRef = 2028A3E91C21B0A78D04F0BC /* TerminalThemes.swift */; };
		E17EEB828AE68D190408C742 /* AppearanceSettingsView.swift in Sources */ = {isa = PBXBuildFile; fileRef = F7A1BB077B5C9F7833608AA0 /* AppearanceSettingsView.swift */; };
		E5A0A1B90BAD77CBA352019D /* SessionPickerView.swift in Sources */ = {isa = PBXBuildFile; fileRef = 551BA7C230D94529FD10F5D2 /* SessionPickerView.swift */; };
		EF598FC3F601152B1E4F52B5 /* ProviderUtils.swift in Sources */ = {isa = PBXBuildFile; fileRef = 29A06329B461E36625FB7949 /* ProviderUtils.swift */; };
		F9092E63239D7EFBFF37CFBA /* DurableRunModels.swift in Sources */ = {isa = PBXBuildFile; fileRef = D84178CFCB5149CA153CB264 /* DurableRunModels.swift */; };
		F963F31C26FCEBF676C889CB /* GlassBubble.swift in Sources */ = {isa = PBXBuildFile; fileRef = 0877A3D2AFE7F4721ADA17AF /* GlassBubble.swift */; };
		FCAF0BB2DAF131E58D714E88 /* ProjectManagementModels.swift in Sources */ = {isa = PBXBuildFile; fileRef = 8E19234A08E5792E19425840 /* ProjectManagementModels.swift */; };
		FD61AEB810EB8075368FC9AD /* BotHistoryView.swift in Sources */ = {isa = PBXBuildFile; fileRef = A0AED56E07D3C74D325F89B4 /* BotHistoryView.swift */; };
/* End PBXBuildFile section */

/* Begin PBXContainerItemProxy section */
		162E4B6AAD74423547530EA2 /* PBXContainerItemProxy */ = {
			isa = PBXContainerItemProxy;
			containerPortal = 3E7F1B91E50A184ED7195582 /* Project object */;
			proxyType = 1;
			remoteGlobalIDString = BBF08EA3BDC297DC7001FB84;
			remoteInfo = HermesControlWidget;
		};
		AD9B5455B903F8AA87FB90F9 /* PBXContainerItemProxy */ = {
			isa = PBXContainerItemProxy;
			containerPortal = 3E7F1B91E50A184ED7195582 /* Project object */;
			proxyType = 1;
			remoteGlobalIDString = 2FCC291CB54A965A8FBCF67F;
			remoteInfo = HermesCompanion;
		};
/* End PBXContainerItemProxy section */

/* Begin PBXCopyFilesBuildPhase section */
		73FBDFED0C33DAFBAF280C73 /* Embed Foundation Extensions */ = {
			isa = PBXCopyFilesBuildPhase;
			buildActionMask = 2147483647;
			dstPath = "";
			dstSubfolderSpec = 13;
			files = (
				72AF988EA78894068E1D19E3 /* HermesControlWidget.appex in Embed Foundation Extensions */,
			);
			name = "Embed Foundation Extensions";
			runOnlyForDeploymentPostprocessing = 0;
		};
/* End PBXCopyFilesBuildPhase section */

/* Begin PBXFileReference section */
		A10000000000000000000001 /* HermesVoiceActivityAttributes.swift */ = {isa = PBXFileReference; lastKnownFileType = sourcecode.swift; path = HermesVoiceActivityAttributes.swift; sourceTree = "<group>"; };
		A10000000000000000000002 /* HermesVoiceActivityIntents.swift */ = {isa = PBXFileReference; lastKnownFileType = sourcecode.swift; path = HermesVoiceActivityIntents.swift; sourceTree = "<group>"; };
		A10000000000000000000003 /* VoiceLiveActivityCoordinator.swift */ = {isa = PBXFileReference; lastKnownFileType = sourcecode.swift; path = VoiceLiveActivityCoordinator.swift; sourceTree = "<group>"; };
		A10000000000000000000004 /* HermesVoiceLiveActivityWidget.swift */ = {isa = PBXFileReference; lastKnownFileType = sourcecode.swift; path = HermesVoiceLiveActivityWidget.swift; sourceTree = "<group>"; };
		005F8CE7582CC42517DDCD84 /* WorkspaceModels.swift */ = {isa = PBXFileReference; lastKnownFileType = sourcecode.swift; path = WorkspaceModels.swift; sourceTree = "<group>"; };
		03573073F9544007F1F2B422 /* SkillCommandLogicTests.swift */ = {isa = PBXFileReference; lastKnownFileType = sourcecode.swift; path = SkillCommandLogicTests.swift; sourceTree = "<group>"; };
		0877A3D2AFE7F4721ADA17AF /* GlassBubble.swift */ = {isa = PBXFileReference; lastKnownFileType = sourcecode.swift; path = GlassBubble.swift; sourceTree = "<group>"; };
		0A2C3FB2D1F3715F2B90F9EA /* ReleaseNotes.swift */ = {isa = PBXFileReference; lastKnownFileType = sourcecode.swift; path = ReleaseNotes.swift; sourceTree = "<group>"; };
		0B12E3F4318C118EAE60B80E /* HermesCompanionTests.xctest */ = {isa = PBXFileReference; includeInIndex = 0; lastKnownFileType = wrapper.cfbundle; path = HermesCompanionTests.xctest; sourceTree = BUILT_PRODUCTS_DIR; };
		0BA6D2DC303D9ABB53D3A9D4 /* ProjectStore.swift */ = {isa = PBXFileReference; lastKnownFileType = sourcecode.swift; path = ProjectStore.swift; sourceTree = "<group>"; };
		0CE61BF3E1316730281A5A38 /* VoiceActivationLogic.swift */ = {isa = PBXFileReference; lastKnownFileType = sourcecode.swift; path = VoiceActivationLogic.swift; sourceTree = "<group>"; };
		111BD0D7A61F24FDA7ED165C /* VoiceSettingsView.swift */ = {isa = PBXFileReference; lastKnownFileType = sourcecode.swift; path = VoiceSettingsView.swift; sourceTree = "<group>"; };
		113247E52B9898BC71C7EBAD /* VideoView.swift */ = {isa = PBXFileReference; lastKnownFileType = sourcecode.swift; path = VideoView.swift; sourceTree = "<group>"; };
		12C57FABBFF2052F11309F06 /* HermesCompanionApp.swift */ = {isa = PBXFileReference; lastKnownFileType = sourcecode.swift; path = HermesCompanionApp.swift; sourceTree = "<group>"; };
		13839144B0503760269527F6 /* Models.swift */ = {isa = PBXFileReference; lastKnownFileType = sourcecode.swift; path = Models.swift; sourceTree = "<group>"; };
		15CE235401C5CF4AA8838394 /* VoiceActivationLogicTests.swift */ = {isa = PBXFileReference; lastKnownFileType = sourcecode.swift; path = VoiceActivationLogicTests.swift; sourceTree = "<group>"; };
		1B7FD753E4E2095A6295A052 /* WakePhraseListener.swift */ = {isa = PBXFileReference; lastKnownFileType = sourcecode.swift; path = WakePhraseListener.swift; sourceTree = "<group>"; };
		1B87A150E7A7EE2D29064C1E /* ToolsetsListView.swift */ = {isa = PBXFileReference; lastKnownFileType = sourcecode.swift; path = ToolsetsListView.swift; sourceTree = "<group>"; };
		2028A3E91C21B0A78D04F0BC /* TerminalThemes.swift */ = {isa = PBXFileReference; lastKnownFileType = sourcecode.swift; path = TerminalThemes.swift; sourceTree = "<group>"; };
		260F94CE910541B9E482A59B /* SkillCommandLogic.swift */ = {isa = PBXFileReference; lastKnownFileType = sourcecode.swift; path = SkillCommandLogic.swift; sourceTree = "<group>"; };
		29A06329B461E36625FB7949 /* ProviderUtils.swift */ = {isa = PBXFileReference; lastKnownFileType = sourcecode.swift; path = ProviderUtils.swift; sourceTree = "<group>"; };
		2D4B8756C4CB0CA6555D6816 /* MarkdownContentView.swift */ = {isa = PBXFileReference; lastKnownFileType = sourcecode.swift; path = MarkdownContentView.swift; sourceTree = "<group>"; };
		2DD234508E0F3E649C530865 /* ServerTaskEditorView.swift */ = {isa = PBXFileReference; lastKnownFileType = sourcecode.swift; path = ServerTaskEditorView.swift; sourceTree = "<group>"; };
		315BEF73A5C83B2DD387086D /* ProjectManagementView.swift */ = {isa = PBXFileReference; lastKnownFileType = sourcecode.swift; path = ProjectManagementView.swift; sourceTree = "<group>"; };
		323B4CE9CDC63D3E124F051B /* VoiceTranscriber.swift */ = {isa = PBXFileReference; lastKnownFileType = sourcecode.swift; path = VoiceTranscriber.swift; sourceTree = "<group>"; };
		329602A7FE18628983F89A02 /* BotChatAccessView.swift */ = {isa = PBXFileReference; lastKnownFileType = sourcecode.swift; path = BotChatAccessView.swift; sourceTree = "<group>"; };
		347A8180AE6F941EDF51CFEE /* ConnectionSetupView.swift */ = {isa = PBXFileReference; lastKnownFileType = sourcecode.swift; path = ConnectionSetupView.swift; sourceTree = "<group>"; };
		35151811693B501BC71EA9C5 /* ComposerCommandLogic.swift */ = {isa = PBXFileReference; lastKnownFileType = sourcecode.swift; path = ComposerCommandLogic.swift; sourceTree = "<group>"; };
		3519C458459B5A7097B43D19 /* WorkspaceBrowserView.swift */ = {isa = PBXFileReference; lastKnownFileType = sourcecode.swift; path = WorkspaceBrowserView.swift; sourceTree = "<group>"; };
		3A2B9FEF6B128A23C90B7CA5 /* SharedDefaults.swift */ = {isa = PBXFileReference; lastKnownFileType = sourcecode.swift; path = SharedDefaults.swift; sourceTree = "<group>"; };
		3BCDB840B57CFBFE15AFEAD3 /* ActiveSessionPersistenceTests.swift */ = {isa = PBXFileReference; lastKnownFileType = sourcecode.swift; path = ActiveSessionPersistenceTests.swift; sourceTree = "<group>"; };
		406D0DC3A11F86B29F05F06A /* CarPlaySceneDelegate.swift */ = {isa = PBXFileReference; lastKnownFileType = sourcecode.swift; path = CarPlaySceneDelegate.swift; sourceTree = "<group>"; };
		413E29ABC281FB559F469790 /* MarkdownBlocksTests.swift */ = {isa = PBXFileReference; lastKnownFileType = sourcecode.swift; path = MarkdownBlocksTests.swift; sourceTree = "<group>"; };
		416FCF6114F2020D743351BA /* HermesControlWidget.appex */ = {isa = PBXFileReference; includeInIndex = 0; lastKnownFileType = "wrapper.app-extension"; path = HermesControlWidget.appex; sourceTree = BUILT_PRODUCTS_DIR; };
		4712C7DBDC790F10EB108C21 /* GlassComponents.swift */ = {isa = PBXFileReference; lastKnownFileType = sourcecode.swift; path = GlassComponents.swift; sourceTree = "<group>"; };
		47B41AB784B26388253CB25A /* AttachmentData.swift */ = {isa = PBXFileReference; lastKnownFileType = sourcecode.swift; path = AttachmentData.swift; sourceTree = "<group>"; };
		497EB3A78A1FA95B37C99AB4 /* HermesAPIClient.swift */ = {isa = PBXFileReference; lastKnownFileType = sourcecode.swift; path = HermesAPIClient.swift; sourceTree = "<group>"; };
		4A4E7B2B3C67580BB0A71C4C /* AppStore.swift */ = {isa = PBXFileReference; lastKnownFileType = sourcecode.swift; path = AppStore.swift; sourceTree = "<group>"; };
		53907E499DA24C590A36DA7A /* GlassTheme.swift */ = {isa = PBXFileReference; lastKnownFileType = sourcecode.swift; path = GlassTheme.swift; sourceTree = "<group>"; };
		551BA7C230D94529FD10F5D2 /* SessionPickerView.swift */ = {isa = PBXFileReference; lastKnownFileType = sourcecode.swift; path = SessionPickerView.swift; sourceTree = "<group>"; };
		57CA5A3F43C7D8E2E2915185 /* ChatHistoryVisibilityTests.swift */ = {isa = PBXFileReference; lastKnownFileType = sourcecode.swift; path = ChatHistoryVisibilityTests.swift; sourceTree = "<group>"; };
		5CACEE629F1AD027D714EFB4 /* InputModelPicker.swift */ = {isa = PBXFileReference; lastKnownFileType = sourcecode.swift; path = InputModelPicker.swift; sourceTree = "<group>"; };
		5E8118B694B0A64F91BE0369 /* KeychainManager.swift */ = {isa = PBXFileReference; lastKnownFileType = sourcecode.swift; path = KeychainManager.swift; sourceTree = "<group>"; };
		607284F3E16CE64024116B5A /* ChatView.swift */ = {isa = PBXFileReference; lastKnownFileType = sourcecode.swift; path = ChatView.swift; sourceTree = "<group>"; };
		6346FF829FB3BF801B8602B2 /* VoiceConversationManager.swift */ = {isa = PBXFileReference; lastKnownFileType = sourcecode.swift; path = VoiceConversationManager.swift; sourceTree = "<group>"; };
		661C9BE93899D1B3DF848273 /* ActiveSessionPersistence.swift */ = {isa = PBXFileReference; lastKnownFileType = sourcecode.swift; path = ActiveSessionPersistence.swift; sourceTree = "<group>"; };
		66A7E7C23745B5ED58953167 /* HermesThemes.swift */ = {isa = PBXFileReference; lastKnownFileType = sourcecode.swift; path = HermesThemes.swift; sourceTree = "<group>"; };
		6D2171E6397695C9022968BD /* LiveGatewayTests.swift */ = {isa = PBXFileReference; lastKnownFileType = sourcecode.swift; path = LiveGatewayTests.swift; sourceTree = "<group>"; };
		6FE25F978F1F71764F7FF83D /* ProjectStoreTests.swift */ = {isa = PBXFileReference; lastKnownFileType = sourcecode.swift; path = ProjectStoreTests.swift; sourceTree = "<group>"; };
		73744DD7755B96A455966F0B /* AppearanceSettings.swift */ = {isa = PBXFileReference; lastKnownFileType = sourcecode.swift; path = AppearanceSettings.swift; sourceTree = "<group>"; };
		75113D68B4A6D2C159F8524F /* ChatStreamFidelityTests.swift */ = {isa = PBXFileReference; lastKnownFileType = sourcecode.swift; path = ChatStreamFidelityTests.swift; sourceTree = "<group>"; };
		78F84C3E68E0066661BF529D /* SkillsListView.swift */ = {isa = PBXFileReference; lastKnownFileType = sourcecode.swift; path = SkillsListView.swift; sourceTree = "<group>"; };
		7BA0CF13FA8236518ACD411E /* ModelSelectionView.swift */ = {isa = PBXFileReference; lastKnownFileType = sourcecode.swift; path = ModelSelectionView.swift; sourceTree = "<group>"; };
		86EA7AA684EE78863AEC2F0A /* VoiceConversationPage.swift */ = {isa = PBXFileReference; lastKnownFileType = sourcecode.swift; path = VoiceConversationPage.swift; sourceTree = "<group>"; };
		88707823C30AF5A9C7E7225A /* BotChatAccess.swift */ = {isa = PBXFileReference; lastKnownFileType = sourcecode.swift; path = BotChatAccess.swift; sourceTree = "<group>"; };
		8C6691846D26D7D30190EF43 /* SSEParserTests.swift */ = {isa = PBXFileReference; lastKnownFileType = sourcecode.swift; path = SSEParserTests.swift; sourceTree = "<group>"; };
		8E19234A08E5792E19425840 /* ProjectManagementModels.swift */ = {isa = PBXFileReference; lastKnownFileType = sourcecode.swift; path = ProjectManagementModels.swift; sourceTree = "<group>"; };
		8E4BD710D96BD578CE564DE8 /* ReleaseNotesTests.swift */ = {isa = PBXFileReference; lastKnownFileType = sourcecode.swift; path = ReleaseNotesTests.swift; sourceTree = "<group>"; };
		90DC1456F9DDA1F6E6A9BC05 /* SettingsView.swift */ = {isa = PBXFileReference; lastKnownFileType = sourcecode.swift; path = SettingsView.swift; sourceTree = "<group>"; };
		93E26F58E842815866FD9986 /* AppConfig.swift */ = {isa = PBXFileReference; lastKnownFileType = sourcecode.swift; path = AppConfig.swift; sourceTree = "<group>"; };
		A0AED56E07D3C74D325F89B4 /* BotHistoryView.swift */ = {isa = PBXFileReference; lastKnownFileType = sourcecode.swift; path = BotHistoryView.swift; sourceTree = "<group>"; };
		A2CEC2277897993F2B474AB0 /* ProviderSelectionView.swift */ = {isa = PBXFileReference; lastKnownFileType = sourcecode.swift; path = ProviderSelectionView.swift; sourceTree = "<group>"; };
		A2DD74C29509EC118F92BEA5 /* CameraPickerView.swift */ = {isa = PBXFileReference; lastKnownFileType = sourcecode.swift; path = CameraPickerView.swift; sourceTree = "<group>"; };
		A64856389980D1D73A2DC3C3 /* HermesCompanion.app */ = {isa = PBXFileReference; includeInIndex = 0; lastKnownFileType = wrapper.application; path = HermesCompanion.app; sourceTree = BUILT_PRODUCTS_DIR; };
		A7511EED5D149EE15F396D2F /* Assets.xcassets */ = {isa = PBXFileReference; lastKnownFileType = folder.assetcatalog; path = Assets.xcassets; sourceTree = "<group>"; };
		AD348F4EBB40BD3B6F3F2C74 /* StreamWatchdogTests.swift */ = {isa = PBXFileReference; lastKnownFileType = sourcecode.swift; path = StreamWatchdogTests.swift; sourceTree = "<group>"; };
		B0462220C6A7891E8E42F07B /* StreamWatchdogManager.swift */ = {isa = PBXFileReference; lastKnownFileType = sourcecode.swift; path = StreamWatchdogManager.swift; sourceTree = "<group>"; };
		B063172039210054C110721D /* CarPlayVoiceController.swift */ = {isa = PBXFileReference; lastKnownFileType = sourcecode.swift; path = CarPlayVoiceController.swift; sourceTree = "<group>"; };
		B0DDD0EF00AE53B1CB6CE883 /* HermesModelContractTests.swift */ = {isa = PBXFileReference; lastKnownFileType = sourcecode.swift; path = HermesModelContractTests.swift; sourceTree = "<group>"; };
		B50D921CF26AFC9D4546FDF2 /* PlatformHubView.swift */ = {isa = PBXFileReference; lastKnownFileType = sourcecode.swift; path = PlatformHubView.swift; sourceTree = "<group>"; };
		BE611F1C01056A05C20BC7AA /* FilePickerView.swift */ = {isa = PBXFileReference; lastKnownFileType = sourcecode.swift; path = FilePickerView.swift; sourceTree = "<group>"; };
		BE76A6B4AB8E923D7B1114AF /* BotChatAccessTests.swift */ = {isa = PBXFileReference; lastKnownFileType = sourcecode.swift; path = BotChatAccessTests.swift; sourceTree = "<group>"; };
		C4A2D5C8C62F355FD49BF171 /* DurableRunController.swift */ = {isa = PBXFileReference; lastKnownFileType = sourcecode.swift; path = DurableRunController.swift; sourceTree = "<group>"; };
		C5DCE8A1000AFBDEFBF97D7E /* HermesControlWidgetExtension.entitlements */ = {isa = PBXFileReference; lastKnownFileType = text.plist.entitlements; path = HermesControlWidgetExtension.entitlements; sourceTree = "<group>"; };
		C65133D88E05ED712E002D1E /* GlassAnimations.swift */ = {isa = PBXFileReference; lastKnownFileType = sourcecode.swift; path = GlassAnimations.swift; sourceTree = "<group>"; };
		C6CC0110AB94C4C9331E73C4 /* ComposerSubmissionLogicTests.swift */ = {isa = PBXFileReference; lastKnownFileType = sourcecode.swift; path = ComposerSubmissionLogicTests.swift; sourceTree = "<group>"; };
		CB9EAA579429A6A3919F30F5 /* VoiceActivationControl.swift */ = {isa = PBXFileReference; lastKnownFileType = sourcecode.swift; path = VoiceActivationControl.swift; sourceTree = "<group>"; };
		CD33D3C1350710754747AD26 /* SSEParser.swift */ = {isa = PBXFileReference; lastKnownFileType = sourcecode.swift; path = SSEParser.swift; sourceTree = "<group>"; };
		CD7AD3E21499E1E3513A5C91 /* WorkspaceContractTests.swift */ = {isa = PBXFileReference; lastKnownFileType = sourcecode.swift; path = WorkspaceContractTests.swift; sourceTree = "<group>"; };
		CE746186A15D314B390ECCF0 /* HermesControlWidgetBundle.swift */ = {isa = PBXFileReference; lastKnownFileType = sourcecode.swift; path = HermesControlWidgetBundle.swift; sourceTree = "<group>"; };
		D6904F06040EDC91D927225A /* DurableRunView.swift */ = {isa = PBXFileReference; lastKnownFileType = sourcecode.swift; path = DurableRunView.swift; sourceTree = "<group>"; };
		D84178CFCB5149CA153CB264 /* DurableRunModels.swift */ = {isa = PBXFileReference; lastKnownFileType = sourcecode.swift; path = DurableRunModels.swift; sourceTree = "<group>"; };
		DB5CEDE2B2588D770C00A295 /* HTTPFailure.swift */ = {isa = PBXFileReference; lastKnownFileType = sourcecode.swift; path = HTTPFailure.swift; sourceTree = "<group>"; };
		EDDAD1C9B988CFE76287C44B /* GlassInputBar.swift */ = {isa = PBXFileReference; lastKnownFileType = sourcecode.swift; path = GlassInputBar.swift; sourceTree = "<group>"; };
		F7A1BB077B5C9F7833608AA0 /* AppearanceSettingsView.swift */ = {isa = PBXFileReference; lastKnownFileType = sourcecode.swift; path = AppearanceSettingsView.swift; sourceTree = "<group>"; };
		FCEB9A18EB40AB50CD991B62 /* MarkdownBlocks.swift */ = {isa = PBXFileReference; lastKnownFileType = sourcecode.swift; path = MarkdownBlocks.swift; sourceTree = "<group>"; };
/* End PBXFileReference section */

/* Begin PBXGroup section */
		396DEF30D87976E05A74CB21 = {
			isa = PBXGroup;
			children = (
				EE46D5BECF291BE95F949DF9 /* ControlWidget */,
				56C31E72F342FA7E6A568D30 /* Sources */,
				EA63EAD4C472465F110BA081 /* Tests */,
				528A6F70550B0766167EF200 /* Products */,
			);
			sourceTree = "<group>";
		};
		528A6F70550B0766167EF200 /* Products */ = {
			isa = PBXGroup;
			children = (
				A64856389980D1D73A2DC3C3 /* HermesCompanion.app */,
				0B12E3F4318C118EAE60B80E /* HermesCompanionTests.xctest */,
				416FCF6114F2020D743351BA /* HermesControlWidget.appex */,
			);
			name = Products;
			sourceTree = "<group>";
		};
		56C31E72F342FA7E6A568D30 /* Sources */ = {
			isa = PBXGroup;
			children = (
				A10000000000000000000001 /* HermesVoiceActivityAttributes.swift */,
				A10000000000000000000002 /* HermesVoiceActivityIntents.swift */,
				A10000000000000000000003 /* VoiceLiveActivityCoordinator.swift */,
				661C9BE93899D1B3DF848273 /* ActiveSessionPersistence.swift */,
				93E26F58E842815866FD9986 /* AppConfig.swift */,
				73744DD7755B96A455966F0B /* AppearanceSettings.swift */,
				F7A1BB077B5C9F7833608AA0 /* AppearanceSettingsView.swift */,
				4A4E7B2B3C67580BB0A71C4C /* AppStore.swift */,
				A7511EED5D149EE15F396D2F /* Assets.xcassets */,
				47B41AB784B26388253CB25A /* AttachmentData.swift */,
				88707823C30AF5A9C7E7225A /* BotChatAccess.swift */,
				329602A7FE18628983F89A02 /* BotChatAccessView.swift */,
				A0AED56E07D3C74D325F89B4 /* BotHistoryView.swift */,
				A2DD74C29509EC118F92BEA5 /* CameraPickerView.swift */,
				406D0DC3A11F86B29F05F06A /* CarPlaySceneDelegate.swift */,
				B063172039210054C110721D /* CarPlayVoiceController.swift */,
				607284F3E16CE64024116B5A /* ChatView.swift */,
				35151811693B501BC71EA9C5 /* ComposerCommandLogic.swift */,
				347A8180AE6F941EDF51CFEE /* ConnectionSetupView.swift */,
				C4A2D5C8C62F355FD49BF171 /* DurableRunController.swift */,
				D84178CFCB5149CA153CB264 /* DurableRunModels.swift */,
				D6904F06040EDC91D927225A /* DurableRunView.swift */,
				BE611F1C01056A05C20BC7AA /* FilePickerView.swift */,
				C65133D88E05ED712E002D1E /* GlassAnimations.swift */,
				0877A3D2AFE7F4721ADA17AF /* GlassBubble.swift */,
				4712C7DBDC790F10EB108C21 /* GlassComponents.swift */,
				EDDAD1C9B988CFE76287C44B /* GlassInputBar.swift */,
				53907E499DA24C590A36DA7A /* GlassTheme.swift */,
				497EB3A78A1FA95B37C99AB4 /* HermesAPIClient.swift */,
				12C57FABBFF2052F11309F06 /* HermesCompanionApp.swift */,
				DB5CEDE2B2588D770C00A295 /* HTTPFailure.swift */,
				5CACEE629F1AD027D714EFB4 /* InputModelPicker.swift */,
				5E8118B694B0A64F91BE0369 /* KeychainManager.swift */,
				FCEB9A18EB40AB50CD991B62 /* MarkdownBlocks.swift */,
				2D4B8756C4CB0CA6555D6816 /* MarkdownContentView.swift */,
				13839144B0503760269527F6 /* Models.swift */,
				7BA0CF13FA8236518ACD411E /* ModelSelectionView.swift */,
				B50D921CF26AFC9D4546FDF2 /* PlatformHubView.swift */,
				8E19234A08E5792E19425840 /* ProjectManagementModels.swift */,
				315BEF73A5C83B2DD387086D /* ProjectManagementView.swift */,
				0BA6D2DC303D9ABB53D3A9D4 /* ProjectStore.swift */,
				A2CEC2277897993F2B474AB0 /* ProviderSelectionView.swift */,
				29A06329B461E36625FB7949 /* ProviderUtils.swift */,
				0A2C3FB2D1F3715F2B90F9EA /* ReleaseNotes.swift */,
				2DD234508E0F3E649C530865 /* ServerTaskEditorView.swift */,
				551BA7C230D94529FD10F5D2 /* SessionPickerView.swift */,
				90DC1456F9DDA1F6E6A9BC05 /* SettingsView.swift */,
				3A2B9FEF6B128A23C90B7CA5 /* SharedDefaults.swift */,
				260F94CE910541B9E482A59B /* SkillCommandLogic.swift */,
				78F84C3E68E0066661BF529D /* SkillsListView.swift */,
				CD33D3C1350710754747AD26 /* SSEParser.swift */,
				B0462220C6A7891E8E42F07B /* StreamWatchdogManager.swift */,
				1B87A150E7A7EE2D29064C1E /* ToolsetsListView.swift */,
				113247E52B9898BC71C7EBAD /* VideoView.swift */,
				0CE61BF3E1316730281A5A38 /* VoiceActivationLogic.swift */,
				6346FF829FB3BF801B8602B2 /* VoiceConversationManager.swift */,
				86EA7AA684EE78863AEC2F0A /* VoiceConversationPage.swift */,
				111BD0D7A61F24FDA7ED165C /* VoiceSettingsView.swift */,
				323B4CE9CDC63D3E124F051B /* VoiceTranscriber.swift */,
				1B7FD753E4E2095A6295A052 /* WakePhraseListener.swift */,
				3519C458459B5A7097B43D19 /* WorkspaceBrowserView.swift */,
				005F8CE7582CC42517DDCD84 /* WorkspaceModels.swift */,
				862E65AB22578E282334728E /* Themes */,
			);
			path = Sources;
			sourceTree = "<group>";
		};
		862E65AB22578E282334728E /* Themes */ = {
			isa = PBXGroup;
			children = (
				66A7E7C23745B5ED58953167 /* HermesThemes.swift */,
				2028A3E91C21B0A78D04F0BC /* TerminalThemes.swift */,
			);
			path = Themes;
			sourceTree = "<group>";
		};
		EA63EAD4C472465F110BA081 /* Tests */ = {
			isa = PBXGroup;
			children = (
				3BCDB840B57CFBFE15AFEAD3 /* ActiveSessionPersistenceTests.swift */,
				BE76A6B4AB8E923D7B1114AF /* BotChatAccessTests.swift */,
				57CA5A3F43C7D8E2E2915185 /* ChatHistoryVisibilityTests.swift */,
				75113D68B4A6D2C159F8524F /* ChatStreamFidelityTests.swift */,
				C6CC0110AB94C4C9331E73C4 /* ComposerSubmissionLogicTests.swift */,
				B0DDD0EF00AE53B1CB6CE883 /* HermesModelContractTests.swift */,
				6D2171E6397695C9022968BD /* LiveGatewayTests.swift */,
				413E29ABC281FB559F469790 /* MarkdownBlocksTests.swift */,
				6FE25F978F1F71764F7FF83D /* ProjectStoreTests.swift */,
				8E4BD710D96BD578CE564DE8 /* ReleaseNotesTests.swift */,
				03573073F9544007F1F2B422 /* SkillCommandLogicTests.swift */,
				8C6691846D26D7D30190EF43 /* SSEParserTests.swift */,
				AD348F4EBB40BD3B6F3F2C74 /* StreamWatchdogTests.swift */,
				15CE235401C5CF4AA8838394 /* VoiceActivationLogicTests.swift */,
				CD7AD3E21499E1E3513A5C91 /* WorkspaceContractTests.swift */,
			);
			path = Tests;
			sourceTree = "<group>";
		};
		EE46D5BECF291BE95F949DF9 /* ControlWidget */ = {
			isa = PBXGroup;
			children = (
				CE746186A15D314B390ECCF0 /* HermesControlWidgetBundle.swift */,
				A10000000000000000000004 /* HermesVoiceLiveActivityWidget.swift */,
				C5DCE8A1000AFBDEFBF97D7E /* HermesControlWidgetExtension.entitlements */,
				CB9EAA579429A6A3919F30F5 /* VoiceActivationControl.swift */,
			);
			path = ControlWidget;
			sourceTree = "<group>";
		};
/* End PBXGroup section */

/* Begin PBXNativeTarget section */
		2FCC291CB54A965A8FBCF67F /* HermesCompanion */ = {
			isa = PBXNativeTarget;
			buildConfigurationList = 881D87CA168E0B21F98ED501 /* Build configuration list for PBXNativeTarget "HermesCompanion" */;
			buildPhases = (
				E510685563AA8BF3FA7686BD /* Sources */,
				B33D0AF3B4A1C8A04A83E73E /* Resources */,
				73FBDFED0C33DAFBAF280C73 /* Embed Foundation Extensions */,
			);
			buildRules = (
			);
			dependencies = (
				4AA265772C71ADAAF9DCBE41 /* PBXTargetDependency */,
			);
			name = HermesCompanion;
			packageProductDependencies = (
			);
			productName = HermesCompanion;
			productReference = A64856389980D1D73A2DC3C3 /* HermesCompanion.app */;
			productType = "com.apple.product-type.application";
		};
		AD2A6E878BB701551F5B3818 /* HermesCompanionTests */ = {
			isa = PBXNativeTarget;
			buildConfigurationList = 95863D0E6CA9058A19C6C0CC /* Build configuration list for PBXNativeTarget "HermesCompanionTests" */;
			buildPhases = (
				04B3A196905309F29964F9E8 /* Sources */,
			);
			buildRules = (
			);
			dependencies = (
				54709F1BAA1DC0519396AEBD /* PBXTargetDependency */,
			);
			name = HermesCompanionTests;
			packageProductDependencies = (
			);
			productName = HermesCompanionTests;
			productReference = 0B12E3F4318C118EAE60B80E /* HermesCompanionTests.xctest */;
			productType = "com.apple.product-type.bundle.unit-test";
		};
		BBF08EA3BDC297DC7001FB84 /* HermesControlWidget */ = {
			isa = PBXNativeTarget;
			buildConfigurationList = D7B8C77301C5F6EA971E4BD8 /* Build configuration list for PBXNativeTarget "HermesControlWidget" */;
			buildPhases = (
				F9343254AA3ACE6A58526BF4 /* Sources */,
			);
			buildRules = (
			);
			dependencies = (
			);
			name = HermesControlWidget;
			packageProductDependencies = (
			);
			productName = HermesControlWidget;
			productReference = 416FCF6114F2020D743351BA /* HermesControlWidget.appex */;
			productType = "com.apple.product-type.app-extension";
		};
/* End PBXNativeTarget section */

/* Begin PBXProject section */
		3E7F1B91E50A184ED7195582 /* Project object */ = {
			isa = PBXProject;
			attributes = {
				BuildIndependentTargetsInParallel = YES;
				LastUpgradeCheck = 1430;
				TargetAttributes = {
					2FCC291CB54A965A8FBCF67F = {
						DevelopmentTeam = "$(CHIBITEK_TEAM_ID)";
						ProvisioningStyle = Automatic;
					};
					BBF08EA3BDC297DC7001FB84 = {
						DevelopmentTeam = "$(CHIBITEK_TEAM_ID)";
						ProvisioningStyle = Automatic;
					};
				};
			};
			buildConfigurationList = EC70DD1BF27368D147734E05 /* Build configuration list for PBXProject "HermesCompanion" */;
			developmentRegion = en;
			hasScannedForEncodings = 0;
			knownRegions = (
				Base,
				en,
			);
			mainGroup = 396DEF30D87976E05A74CB21;
			minimizedProjectReferenceProxies = 1;
			preferredProjectObjectVersion = 77;
			productRefGroup = 528A6F70550B0766167EF200 /* Products */;
			projectDirPath = "";
			projectRoot = "";
			targets = (
				2FCC291CB54A965A8FBCF67F /* HermesCompanion */,
				BBF08EA3BDC297DC7001FB84 /* HermesControlWidget */,
				AD2A6E878BB701551F5B3818 /* HermesCompanionTests */,
			);
		};
/* End PBXProject section */

/* Begin PBXResourcesBuildPhase section */
		B33D0AF3B4A1C8A04A83E73E /* Resources */ = {
			isa = PBXResourcesBuildPhase;
			buildActionMask = 2147483647;
			files = (
				61377F4AC5E3A85BA6402496 /* Assets.xcassets in Resources */,
			);
			runOnlyForDeploymentPostprocessing = 0;
		};
/* End PBXResourcesBuildPhase section */

/* Begin PBXSourcesBuildPhase section */
		04B3A196905309F29964F9E8 /* Sources */ = {
			isa = PBXSourcesBuildPhase;
			buildActionMask = 2147483647;
			files = (
				A8FBD11A8D629EB4A29E5F40 /* ActiveSessionPersistenceTests.swift in Sources */,
				283ED6DCED1BE70001A9EB2C /* BotChatAccessTests.swift in Sources */,
				2655F29BEC20C6EC7EC77AF3 /* ChatHistoryVisibilityTests.swift in Sources */,
				C07934E2261BC5CEE042DB0A /* ChatStreamFidelityTests.swift in Sources */,
				447392FE56BF7B3443B7CBAF /* ComposerSubmissionLogicTests.swift in Sources */,
				C3B9E7CA5A98A25BE25299F3 /* HermesModelContractTests.swift in Sources */,
				41B03565E7F4BF1F5FC3D612 /* LiveGatewayTests.swift in Sources */,
				2448C7D9A618A8A8D68026C9 /* MarkdownBlocksTests.swift in Sources */,
				D3508E86FEF84CE0FB3A2362 /* ProjectStoreTests.swift in Sources */,
				149052C798A239F946342A23 /* ReleaseNotesTests.swift in Sources */,
				C9E6DF2E29D3574DCE11BA12 /* SSEParserTests.swift in Sources */,
				80E40DCA3AE420F927877943 /* SkillCommandLogicTests.swift in Sources */,
				43DD09E6024E5D9B9C5968DF /* StreamWatchdogTests.swift in Sources */,
				CFE8A23CD2204761B0C7F288 /* VoiceActivationLogicTests.swift in Sources */,
				693E5B3C1B652B2DF6375008 /* WorkspaceContractTests.swift in Sources */,
			);
			runOnlyForDeploymentPostprocessing = 0;
		};
		E510685563AA8BF3FA7686BD /* Sources */ = {
			isa = PBXSourcesBuildPhase;
			buildActionMask = 2147483647;
			files = (
				A20000000000000000000001 /* HermesVoiceActivityAttributes.swift in Sources */,
				A20000000000000000000002 /* HermesVoiceActivityIntents.swift in Sources */,
				A20000000000000000000003 /* VoiceLiveActivityCoordinator.swift in Sources */,
				417C7F39149C64A1BF846BBE /* ActiveSessionPersistence.swift in Sources */,
				848AF4A8EBE61688B4E15948 /* AppConfig.swift in Sources */,
				1E7817CB4161ADFFE75D5B79 /* AppStore.swift in Sources */,
				159D645ED21E0A0B268E972B /* AppearanceSettings.swift in Sources */,
				E17EEB828AE68D190408C742 /* AppearanceSettingsView.swift in Sources */,
				01892F1A0E72775EC3C06A62 /* AttachmentData.swift in Sources */,
				4625A1EE6CE58A5BE13FEB9F /* BotChatAccess.swift in Sources */,
				BE05839130FC3CA7E1665096 /* BotChatAccessView.swift in Sources */,
				FD61AEB810EB8075368FC9AD /* BotHistoryView.swift in Sources */,
				9033393557A808892DD39711 /* CameraPickerView.swift in Sources */,
				D4C7C91D5436FF35E59DE880 /* CarPlaySceneDelegate.swift in Sources */,
				729747F4166DD4BD7E0AA89F /* CarPlayVoiceController.swift in Sources */,
				3C5B316A8C97FB0309855517 /* ChatView.swift in Sources */,
				38A7732AB4640EDD3102B363 /* ComposerCommandLogic.swift in Sources */,
				7ECDCA84AFB356E702178F2A /* ConnectionSetupView.swift in Sources */,
				4EA837F54B14C86854F3FAB7 /* DurableRunController.swift in Sources */,
				F9092E63239D7EFBFF37CFBA /* DurableRunModels.swift in Sources */,
				89E8F5A36D736DD0F798C9C6 /* DurableRunView.swift in Sources */,
				A7C964BA91BD19B6BE8FA0B9 /* FilePickerView.swift in Sources */,
				25500519AB7EBEF810F3E7CC /* GlassAnimations.swift in Sources */,
				F963F31C26FCEBF676C889CB /* GlassBubble.swift in Sources */,
				03CBDC20873F48BEB4EBFE38 /* GlassComponents.swift in Sources */,
				75FC779EC102CC902983D646 /* GlassInputBar.swift in Sources */,
				65563F266A0294EAAF0008E5 /* GlassTheme.swift in Sources */,
				C24193D80B7FDF094EAB4267 /* HTTPFailure.swift in Sources */,
				090713634A1A6AA642140833 /* HermesAPIClient.swift in Sources */,
				8169CA68B0F068C4C454AA05 /* HermesCompanionApp.swift in Sources */,
				1CEEEA7AA202CFB1EACF6FBA /* HermesThemes.swift in Sources */,
				94E71C645906B47600BA858B /* InputModelPicker.swift in Sources */,
				3A321980B7C573E252E73B94 /* KeychainManager.swift in Sources */,
				4173455E2289D24EB1D3E6E4 /* MarkdownBlocks.swift in Sources */,
				8734D5CC0DEE94B2BFB017F5 /* MarkdownContentView.swift in Sources */,
				538D0CA3818BBDB92BB6A232 /* ModelSelectionView.swift in Sources */,
				9326CB4014893810CB4C04B4 /* Models.swift in Sources */,
				8B73E912F27AEA3506F3B397 /* PlatformHubView.swift in Sources */,
				FCAF0BB2DAF131E58D714E88 /* ProjectManagementModels.swift in Sources */,
				DB323163C32B785B07C54135 /* ProjectManagementView.swift in Sources */,
				1618F80A2436071857B0BFA0 /* ProjectStore.swift in Sources */,
				2C03088CFC9E56596F6492CE /* ProviderSelectionView.swift in Sources */,
				EF598FC3F601152B1E4F52B5 /* ProviderUtils.swift in Sources */,
				C976F5D603BB2A2E0CBC38D6 /* ReleaseNotes.swift in Sources */,
				10911B41E77AAA186CE556FB /* SSEParser.swift in Sources */,
				B18883A7CAE315EF2E85159F /* ServerTaskEditorView.swift in Sources */,
				E5A0A1B90BAD77CBA352019D /* SessionPickerView.swift in Sources */,
				46B86EDE872B162DFABA640A /* SettingsView.swift in Sources */,
				D8078F1FABE1C01197704D93 /* SharedDefaults.swift in Sources */,
				3DA05CB84EEF6A3DA27B7C53 /* SkillCommandLogic.swift in Sources */,
				A165F3FB03821E3B9E0EB15B /* SkillsListView.swift in Sources */,
				4F5C3B8B82D3CF74CFCF1D47 /* StreamWatchdogManager.swift in Sources */,
				DF0FB0C835B0C2295CADEA9F /* TerminalThemes.swift in Sources */,
				CB8F46D3AEFF5EB3E585BAE5 /* ToolsetsListView.swift in Sources */,
				270BFBAA224691C50C9604AD /* VideoView.swift in Sources */,
				8D8B6F1C677ED71BCAF05D0D /* VoiceActivationLogic.swift in Sources */,
				67280C486BF59EDE78845066 /* VoiceConversationManager.swift in Sources */,
				6880344859436CE0F8CC146A /* VoiceConversationPage.swift in Sources */,
				06BDC2D2907A6188CDF10CDE /* VoiceSettingsView.swift in Sources */,
				5DC81AF16C507C454840EB47 /* VoiceTranscriber.swift in Sources */,
				5A1B76115F8835F7DB19A51E /* WakePhraseListener.swift in Sources */,
				5ABD02FC530F7782E8AA5012 /* WorkspaceBrowserView.swift in Sources */,
				0A03DE64CC9B002638D2B4F9 /* WorkspaceModels.swift in Sources */,
			);
			runOnlyForDeploymentPostprocessing = 0;
		};
		F9343254AA3ACE6A58526BF4 /* Sources */ = {
			isa = PBXSourcesBuildPhase;
			buildActionMask = 2147483647;
			files = (
				A20000000000000000000004 /* HermesVoiceActivityAttributes.swift in Sources */,
				A20000000000000000000005 /* HermesVoiceActivityIntents.swift in Sources */,
				A20000000000000000000006 /* HermesVoiceLiveActivityWidget.swift in Sources */,
				AA0469C11390A59867DA014C /* HermesControlWidgetBundle.swift in Sources */,
				43224DECC59BF70AD0C52574 /* SharedDefaults.swift in Sources */,
				6C8D9A43ECE7F733424865C8 /* VoiceActivationControl.swift in Sources */,
			);
			runOnlyForDeploymentPostprocessing = 0;
		};
/* End PBXSourcesBuildPhase section */

/* Begin PBXTargetDependency section */
		4AA265772C71ADAAF9DCBE41 /* PBXTargetDependency */ = {
			isa = PBXTargetDependency;
			target = BBF08EA3BDC297DC7001FB84 /* HermesControlWidget */;
			targetProxy = 162E4B6AAD74423547530EA2 /* PBXContainerItemProxy */;
		};
		54709F1BAA1DC0519396AEBD /* PBXTargetDependency */ = {
			isa = PBXTargetDependency;
			target = 2FCC291CB54A965A8FBCF67F /* HermesCompanion */;
			targetProxy = AD9B5455B903F8AA87FB90F9 /* PBXContainerItemProxy */;
		};
/* End PBXTargetDependency section */

/* Begin XCBuildConfiguration section */
		2817ECA84F6D20F08C835EE4 /* Release */ = {
			isa = XCBuildConfiguration;
			buildSettings = {
				BUNDLE_LOADER = "$(TEST_HOST)";
				GENERATE_INFOPLIST_FILE = YES;
				LD_RUNPATH_SEARCH_PATHS = (
					"$(inherited)",
					"@executable_path/Frameworks",
					"@loader_path/Frameworks",
				);
				PRODUCT_BUNDLE_IDENTIFIER = com.chibitek.hermescompanion.tests;
				SDKROOT = iphoneos;
				TARGETED_DEVICE_FAMILY = "1,2";
				TEST_HOST = "$(BUILT_PRODUCTS_DIR)/HermesCompanion.app/HermesCompanion";
			};
			name = Release;
		};
		6BA798C7A60A46CF8FC268EB /* Release */ = {
			isa = XCBuildConfiguration;
			buildSettings = {
				ASSETCATALOG_COMPILER_APPICON_NAME = AppIcon;
				CODE_SIGN_ENTITLEMENTS = HermesCompanion.entitlements;
				CODE_SIGN_IDENTITY = "Apple Development";
				CODE_SIGN_STYLE = Automatic;
				CURRENT_PROJECT_VERSION = 184;
				DEBUG_INFORMATION_FORMAT = "dwarf-with-dsym";
				DEVELOPMENT_TEAM = "$(CHIBITEK_TEAM_ID)";
				ENABLE_PREVIEWS = YES;
				GCC_OPTIMIZATION_LEVEL = s;
				INFOPLIST_FILE = Sources/Info.plist;
				LD_RUNPATH_SEARCH_PATHS = (
					"$(inherited)",
					"@executable_path/Frameworks",
				);
				LLVM_DEBUG_SYMBOLS = YES;
				MARKETING_VERSION = 1.8.87;
				PRODUCT_BUNDLE_IDENTIFIER = com.chibitek.hermescompanion;
				SDKROOT = iphoneos;
				SUPPORTS_MACCATALYST = NO;
				TARGETED_DEVICE_FAMILY = "1,2";
			};
			name = Release;
		};
		6EE02AE42D14AE659313DBC4 /* Debug */ = {
			isa = XCBuildConfiguration;
			buildSettings = {
				ASSETCATALOG_COMPILER_APPICON_NAME = AppIcon;
				CODE_SIGN_ENTITLEMENTS = HermesCompanion.entitlements;
				CODE_SIGN_IDENTITY = "Apple Development";
				CODE_SIGN_STYLE = Automatic;
				CURRENT_PROJECT_VERSION = 184;
				DEBUG_INFORMATION_FORMAT = dwarf;
				DEVELOPMENT_TEAM = "$(CHIBITEK_TEAM_ID)";
				ENABLE_PREVIEWS = YES;
				GCC_OPTIMIZATION_LEVEL = 0;
				INFOPLIST_FILE = Sources/Info.plist;
				LD_RUNPATH_SEARCH_PATHS = (
					"$(inherited)",
					"@executable_path/Frameworks",
				);
				LLVM_DEBUG_SYMBOLS = NO;
				MARKETING_VERSION = 1.8.87;
				PRODUCT_BUNDLE_IDENTIFIER = com.chibitek.hermescompanion;
				SDKROOT = iphoneos;
				SUPPORTS_MACCATALYST = NO;
				TARGETED_DEVICE_FAMILY = "1,2";
			};
			name = Debug;
		};
		74E829D9D2333514F99848F9 /* Debug */ = {
			isa = XCBuildConfiguration;
			buildSettings = {
				ALWAYS_SEARCH_USER_PATHS = NO;
				ASSETCATALOG_COMPILER_APPICON_NAME = AppIcon;
				ASSETCATALOG_COMPILER_GLOBAL_ACCENT_COLOR_NAME = AccentColor;
				CLANG_ANALYZER_NONNULL = YES;
				CLANG_ANALYZER_NUMBER_OBJECT_CONVERSION = YES_AGGRESSIVE;
				CLANG_CXX_LANGUAGE_STANDARD = "gnu++14";
				CLANG_CXX_LIBRARY = "libc++";
				CLANG_ENABLE_MODULES = YES;
				CLANG_ENABLE_OBJC_ARC = YES;
				CLANG_ENABLE_OBJC_WEAK = YES;
				CLANG_WARN_BLOCK_CAPTURE_AUTORELEASING = YES;
				CLANG_WARN_BOOL_CONVERSION = YES;
				CLANG_WARN_COMMA = YES;
				CLANG_WARN_CONSTANT_CONVERSION = YES;
				CLANG_WARN_DEPRECATED_OBJC_IMPLEMENTATIONS = YES;
				CLANG_WARN_DIRECT_OBJC_ISA_USAGE = YES_ERROR;
				CLANG_WARN_DOCUMENTATION_COMMENTS = YES;
				CLANG_WARN_EMPTY_BODY = YES;
				CLANG_WARN_ENUM_CONVERSION = YES;
				CLANG_WARN_INFINITE_RECURSION = YES;
				CLANG_WARN_INT_CONVERSION = YES;
				CLANG_WARN_NON_LITERAL_NULL_CONVERSION = YES;
				CLANG_WARN_OBJC_IMPLICIT_RETAIN_SELF = YES;
				CLANG_WARN_OBJC_LITERAL_CONVERSION = YES;
				CLANG_WARN_OBJC_ROOT_CLASS = YES_ERROR;
				CLANG_WARN_QUOTED_INCLUDE_IN_FRAMEWORK_HEADER = YES;
				CLANG_WARN_RANGE_LOOP_ANALYSIS = YES;
				CLANG_WARN_STRICT_PROTOTYPES = YES;
				CLANG_WARN_SUSPICIOUS_MOVE = YES;
				CLANG_WARN_UNGUARDED_AVAILABILITY = YES_AGGRESSIVE;
				CLANG_WARN_UNREACHABLE_CODE = YES;
				CLANG_WARN__DUPLICATE_METHOD_MATCH = YES;
				COPY_PHASE_STRIP = NO;
				DEBUG_INFORMATION_FORMAT = dwarf;
				ENABLE_BITCODE = NO;
				ENABLE_STRICT_OBJC_MSGSEND = YES;
				ENABLE_TESTABILITY = YES;
				GCC_C_LANGUAGE_STANDARD = gnu11;
				GCC_DYNAMIC_NO_PIC = NO;
				GCC_NO_COMMON_BLOCKS = YES;
				GCC_OPTIMIZATION_LEVEL = 0;
				GCC_PREPROCESSOR_DEFINITIONS = (
					"$(inherited)",
					"DEBUG=1",
				);
				GCC_WARN_64_TO_32_BIT_CONVERSION = YES;
				GCC_WARN_ABOUT_RETURN_TYPE = YES_ERROR;
				GCC_WARN_UNDECLARED_SELECTOR = YES;
				GCC_WARN_UNINITIALIZED_AUTOS = YES_AGGRESSIVE;
				GCC_WARN_UNUSED_FUNCTION = YES;
				GCC_WARN_UNUSED_VARIABLE = YES;
				IPHONEOS_DEPLOYMENT_TARGET = 26.0;
				MTL_ENABLE_DEBUG_INFO = INCLUDE_SOURCE;
				MTL_FAST_MATH = YES;
				ONLY_ACTIVE_ARCH = YES;
				PRODUCT_NAME = "$(TARGET_NAME)";
				SDKROOT = iphoneos;
				SWIFT_ACTIVE_COMPILATION_CONDITIONS = DEBUG;
				SWIFT_OPTIMIZATION_LEVEL = "-Onone";
				SWIFT_TREAT_WARNINGS_AS_ERRORS = NO;
				SWIFT_VERSION = 5.0;
			};
			name = Debug;
		};
		810FE43A733BA4A98F8BD964 /* Release */ = {
			isa = XCBuildConfiguration;
			buildSettings = {
				CODE_SIGN_ENTITLEMENTS = ControlWidget/HermesControlWidgetExtension.entitlements;
				CODE_SIGN_IDENTITY = "Apple Development";
				CODE_SIGN_STYLE = Automatic;
				CURRENT_PROJECT_VERSION = 184;
				DEVELOPMENT_TEAM = "$(CHIBITEK_TEAM_ID)";
				INFOPLIST_FILE = ControlWidget/Info.plist;
				LD_RUNPATH_SEARCH_PATHS = (
					"$(inherited)",
					"@executable_path/Frameworks",
					"@executable_path/../../Frameworks",
				);
				MARKETING_VERSION = 1.8.87;
				PRODUCT_BUNDLE_IDENTIFIER = com.chibitek.hermescompanion.controlwidget;
				SDKROOT = iphoneos;
				SKIP_INSTALL = YES;
				TARGETED_DEVICE_FAMILY = "1,2";
			};
			name = Release;
		};
		A73340FC71F11B0963074E5A /* Release */ = {
			isa = XCBuildConfiguration;
			buildSettings = {
				ALWAYS_SEARCH_USER_PATHS = NO;
				ASSETCATALOG_COMPILER_APPICON_NAME = AppIcon;
				ASSETCATALOG_COMPILER_GLOBAL_ACCENT_COLOR_NAME = AccentColor;
				CLANG_ANALYZER_NONNULL = YES;
				CLANG_ANALYZER_NUMBER_OBJECT_CONVERSION = YES_AGGRESSIVE;
				CLANG_CXX_LANGUAGE_STANDARD = "gnu++14";
				CLANG_CXX_LIBRARY = "libc++";
				CLANG_ENABLE_MODULES = YES;
				CLANG_ENABLE_OBJC_ARC = YES;
				CLANG_ENABLE_OBJC_WEAK = YES;
				CLANG_WARN_BLOCK_CAPTURE_AUTORELEASING = YES;
				CLANG_WARN_BOOL_CONVERSION = YES;
				CLANG_WARN_COMMA = YES;
				CLANG_WARN_CONSTANT_CONVERSION = YES;
				CLANG_WARN_DEPRECATED_OBJC_IMPLEMENTATIONS = YES;
				CLANG_WARN_DIRECT_OBJC_ISA_USAGE = YES_ERROR;
				CLANG_WARN_DOCUMENTATION_COMMENTS = YES;
				CLANG_WARN_EMPTY_BODY = YES;
				CLANG_WARN_ENUM_CONVERSION = YES;
				CLANG_WARN_INFINITE_RECURSION = YES;
				CLANG_WARN_INT_CONVERSION = YES;
				CLANG_WARN_NON_LITERAL_NULL_CONVERSION = YES;
				CLANG_WARN_OBJC_IMPLICIT_RETAIN_SELF = YES;
				CLANG_WARN_OBJC_LITERAL_CONVERSION = YES;
				CLANG_WARN_OBJC_ROOT_CLASS = YES_ERROR;
				CLANG_WARN_QUOTED_INCLUDE_IN_FRAMEWORK_HEADER = YES;
				CLANG_WARN_RANGE_LOOP_ANALYSIS = YES;
				CLANG_WARN_STRICT_PROTOTYPES = YES;
				CLANG_WARN_SUSPICIOUS_MOVE = YES;
				CLANG_WARN_UNGUARDED_AVAILABILITY = YES_AGGRESSIVE;
				CLANG_WARN_UNREACHABLE_CODE = YES;
				CLANG_WARN__DUPLICATE_METHOD_MATCH = YES;
				COPY_PHASE_STRIP = NO;
				DEBUG_INFORMATION_FORMAT = "dwarf-with-dsym";
				ENABLE_BITCODE = NO;
				ENABLE_NS_ASSERTIONS = NO;
				ENABLE_STRICT_OBJC_MSGSEND = YES;
				GCC_C_LANGUAGE_STANDARD = gnu11;
				GCC_NO_COMMON_BLOCKS = YES;
				GCC_WARN_64_TO_32_BIT_CONVERSION = YES;
				GCC_WARN_ABOUT_RETURN_TYPE = YES_ERROR;
				GCC_WARN_UNDECLARED_SELECTOR = YES;
				GCC_WARN_UNINITIALIZED_AUTOS = YES_AGGRESSIVE;
				GCC_WARN_UNUSED_FUNCTION = YES;
				GCC_WARN_UNUSED_VARIABLE = YES;
				IPHONEOS_DEPLOYMENT_TARGET = 26.0;
				MTL_ENABLE_DEBUG_INFO = NO;
				MTL_FAST_MATH = YES;
				PRODUCT_NAME = "$(TARGET_NAME)";
				SDKROOT = iphoneos;
				SWIFT_COMPILATION_MODE = wholemodule;
				SWIFT_OPTIMIZATION_LEVEL = "-O";
				SWIFT_TREAT_WARNINGS_AS_ERRORS = NO;
				SWIFT_VERSION = 5.0;
			};
			name = Release;
		};
		DBA2BD67AB46C234E530902C /* Debug */ = {
			isa = XCBuildConfiguration;
			buildSettings = {
				CODE_SIGN_ENTITLEMENTS = ControlWidget/HermesControlWidgetExtension.entitlements;
				CODE_SIGN_IDENTITY = "Apple Development";
				CODE_SIGN_STYLE = Automatic;
				CURRENT_PROJECT_VERSION = 184;
				DEVELOPMENT_TEAM = "$(CHIBITEK_TEAM_ID)";
				INFOPLIST_FILE = ControlWidget/Info.plist;
				LD_RUNPATH_SEARCH_PATHS = (
					"$(inherited)",
					"@executable_path/Frameworks",
					"@executable_path/../../Frameworks",
				);
				MARKETING_VERSION = 1.8.87;
				PRODUCT_BUNDLE_IDENTIFIER = com.chibitek.hermescompanion.controlwidget;
				SDKROOT = iphoneos;
				SKIP_INSTALL = YES;
				TARGETED_DEVICE_FAMILY = "1,2";
			};
			name = Debug;
		};
		E08F9E2AC51357DD900140A9 /* Debug */ = {
			isa = XCBuildConfiguration;
			buildSettings = {
				BUNDLE_LOADER = "$(TEST_HOST)";
				GENERATE_INFOPLIST_FILE = YES;
				LD_RUNPATH_SEARCH_PATHS = (
					"$(inherited)",
					"@executable_path/Frameworks",
					"@loader_path/Frameworks",
				);
				PRODUCT_BUNDLE_IDENTIFIER = com.chibitek.hermescompanion.tests;
				SDKROOT = iphoneos;
				TARGETED_DEVICE_FAMILY = "1,2";
				TEST_HOST = "$(BUILT_PRODUCTS_DIR)/HermesCompanion.app/HermesCompanion";
			};
			name = Debug;
		};
/* End XCBuildConfiguration section */

/* Begin XCConfigurationList section */
		881D87CA168E0B21F98ED501 /* Build configuration list for PBXNativeTarget "HermesCompanion" */ = {
			isa = XCConfigurationList;
			buildConfigurations = (
				6EE02AE42D14AE659313DBC4 /* Debug */,
				6BA798C7A60A46CF8FC268EB /* Release */,
			);
			defaultConfigurationIsVisible = 0;
			defaultConfigurationName = Debug;
		};
		95863D0E6CA9058A19C6C0CC /* Build configuration list for PBXNativeTarget "HermesCompanionTests" */ = {
			isa = XCConfigurationList;
			buildConfigurations = (
				E08F9E2AC51357DD900140A9 /* Debug */,
				2817ECA84F6D20F08C835EE4 /* Release */,
			);
			defaultConfigurationIsVisible = 0;
			defaultConfigurationName = Debug;
		};
		D7B8C77301C5F6EA971E4BD8 /* Build configuration list for PBXNativeTarget "HermesControlWidget" */ = {
			isa = XCConfigurationList;
			buildConfigurations = (
				DBA2BD67AB46C234E530902C /* Debug */,
				810FE43A733BA4A98F8BD964 /* Release */,
			);
			defaultConfigurationIsVisible = 0;
			defaultConfigurationName = Debug;
		};
		EC70DD1BF27368D147734E05 /* Build configuration list for PBXProject "HermesCompanion" */ = {
			isa = XCConfigurationList;
			buildConfigurations = (
				74E829D9D2333514F99848F9 /* Debug */,
				A73340FC71F11B0963074E5A /* Release */,
			);
			defaultConfigurationIsVisible = 0;
			defaultConfigurationName = Debug;
		};
/* End XCConfigurationList section */
	};
	rootObject = 3E7F1B91E50A184ED7195582 /* Project object */;
}
